
Microsoft Visual Studio Solution File, Format Version 12.00
# Visual Studio Version 17
VisualStudioVersion = 17.14.36429.23
MinimumVisualStudioVersion = 10.0.40219.1
Project("{FAE04EC0-301F-11D3-BF4B-00C04F79EFBC}") = "E-commerce", "E-commerce.csproj", "{DAE8394B-CE4A-460B-B07A-064F0AF0822E}"
EndProject
Project("{FAE04EC0-301F-11D3-BF4B-00C04F79EFBC}") = "Domain", "..\Domain\Domain.csproj", "{562FEBD8-E780-49B2-8242-341E6632905A}"
EndProject
Project("{FAE04EC0-301F-11D3-BF4B-00C04F79EFBC}") = "Application", "..\Application\Application.csproj", "{19B01913-2AD3-4FC8-8699-51222069FFD1}"
EndProject
Project("{FAE04EC0-301F-11D3-BF4B-00C04F79EFBC}") = "Infrastructure", "..\Infrastructure\Infrastructure.csproj", "{F134583F-0FD9-407F-B348-0E18236BC7E8}"
EndProject
Global
	GlobalSection(SolutionConfigurationPlatforms) = preSolution
		Debug|Any CPU = Debug|Any CPU
		Release|Any CPU = Release|Any CPU
	EndGlobalSection
	GlobalSection(ProjectConfigurationPlatforms) = postSolution
		{DAE8394B-CE4A-460B-B07A-064F0AF0822E}.Debug|Any CPU.ActiveCfg = Debug|Any CPU
		{DAE8394B-CE4A-460B-B07A-064F0AF0822E}.Debug|Any CPU.Build.0 = Debug|Any CPU
		{DAE8394B-CE4A-460B-B07A-064F0AF0822E}.Release|Any CPU.ActiveCfg = Release|Any CPU
		{DAE8394B-CE4A-460B-B07A-064F0AF0822E}.Release|Any CPU.Build.0 = Release|Any CPU
		{562FEBD8-E780-49B2-8242-341E6632905A}.Debug|Any CPU.ActiveCfg = Debug|Any CPU
		{562FEBD8-E780-49B2-8242-341E6632905A}.Debug|Any CPU.Build.0 = Debug|Any CPU
		{562FEBD8-E780-49B2-8242-341E6632905A}.Release|Any CPU.ActiveCfg = Release|Any CPU
		{562FEBD8-E780-49B2-8242-341E6632905A}.Release|Any CPU.Build.0 = Release|Any CPU
		{19B01913-2AD3-4FC8-8699-51222069FFD1}.Debug|Any CPU.ActiveCfg = Debug|Any CPU
		{19B01913-2AD3-4FC8-8699-51222069FFD1}.Debug|Any CPU.Build.0 = Debug|Any CPU
		{19B01913-2AD3-4FC8-8699-51222069FFD1}.Release|Any CPU.ActiveCfg = Release|Any CPU
		{19B01913-2AD3-4FC8-8699-51222069FFD1}.Release|Any CPU.Build.0 = Release|Any CPU
		{F134583F-0FD9-407F-B348-0E18236BC7E8}.Debug|Any CPU.ActiveCfg = Debug|Any CPU
		{F134583F-0FD9-407F-B348-0E18236BC7E8}.Debug|Any CPU.Build.0 = Debug|Any CPU
		{F134583F-0FD9-407F-B348-0E18236BC7E8}.Release|Any CPU.ActiveCfg = Release|Any CPU
		{F134583F-0FD9-407F-B348-0E18236BC7E8}.Release|Any CPU.Build.0 = Release|Any CPU
	EndGlobalSection
	GlobalSection(SolutionProperties) = preSolution
		HideSolutionNode = FALSE
	EndGlobalSection
	GlobalSection(ExtensibilityGlobals) = postSolution
		SolutionGuid = {E8AA3E92-F88A-4356-AF55-986718559D2F}
	EndGlobalSection
EndGlobal
